
Microsoft Visual Studio Solution File, Format Version 12.00
# Visual Studio 15
VisualStudioVersion = 15.0.28307.1758
MinimumVisualStudioVersion = 10.0.40219.1
Project("{FAE04EC0-301F-11D3-BF4B-00C04F79EFBC}") = "WindowsFormsApp1", "WindowsFormsApp1\WindowsFormsApp1.csproj", "{73A34895-69D6-4FE9-B6E3-4F5C6ECD6495}"
EndProject
Global
	GlobalSection(SolutionConfigurationPlatforms) = preSolution
		Debug|Any CPU = Debug|Any CPU
		Release|Any CPU = Release|Any CPU
	EndGlobalSection
	GlobalSection(ProjectConfigurationPlatforms) = postSolution
		{73A34895-69D6-4FE9-B6E3-4F5C6ECD6495}.Debug|Any CPU.ActiveCfg = Debug|Any CPU
		{73A34895-69D6-4FE9-B6E3-4F5C6ECD6495}.Debug|Any CPU.Build.0 = Debug|Any CPU
		{73A34895-69D6-4FE9-B6E3-4F5C6ECD6495}.Release|Any CPU.ActiveCfg = Release|Any CPU
		{73A34895-69D6-4FE9-B6E3-4F5C6ECD6495}.Release|Any CPU.Build.0 = Release|Any CPU
	EndGlobalSection
	GlobalSection(SolutionProperties) = preSolution
		HideSolutionNode = FALSE
	EndGlobalSection
	GlobalSection(ExtensibilityGlobals) = postSolution
		SolutionGuid = {822F8E7E-8997-409E-B3B1-DFA5B69F90DB}
	EndGlobalSection
EndGlobal
