
Microsoft Visual Studio Solution File, Format Version 12.00
# Visual Studio Version 17
VisualStudioVersion = 17.5.002.0
MinimumVisualStudioVersion = 10.0.40219.1
Project("{9A19103F-16F7-4668-BE54-9A1E7A4F7556}") = "Alg_LZW", "Alg_LZW.csproj", "{A10C2E6C-13F7-4121-A45F-663E0D086684}"
EndProject
Project("{FAE04EC0-301F-11D3-BF4B-00C04F79EFBC}") = "LZW.Tests", "LZW.Tests\LZW.Tests.csproj", "{F768B6FE-296E-4199-9D9E-BB1CEA9E6BF7}"
EndProject
Global
	GlobalSection(SolutionConfigurationPlatforms) = preSolution
		Debug|Any CPU = Debug|Any CPU
		Release|Any CPU = Release|Any CPU
	EndGlobalSection
	GlobalSection(ProjectConfigurationPlatforms) = postSolution
		{A10C2E6C-13F7-4121-A45F-663E0D086684}.Debug|Any CPU.ActiveCfg = Debug|Any CPU
		{A10C2E6C-13F7-4121-A45F-663E0D086684}.Debug|Any CPU.Build.0 = Debug|Any CPU
		{A10C2E6C-13F7-4121-A45F-663E0D086684}.Release|Any CPU.ActiveCfg = Release|Any CPU
		{A10C2E6C-13F7-4121-A45F-663E0D086684}.Release|Any CPU.Build.0 = Release|Any CPU
		{F768B6FE-296E-4199-9D9E-BB1CEA9E6BF7}.Debug|Any CPU.ActiveCfg = Debug|Any CPU
		{F768B6FE-296E-4199-9D9E-BB1CEA9E6BF7}.Debug|Any CPU.Build.0 = Debug|Any CPU
		{F768B6FE-296E-4199-9D9E-BB1CEA9E6BF7}.Release|Any CPU.ActiveCfg = Release|Any CPU
		{F768B6FE-296E-4199-9D9E-BB1CEA9E6BF7}.Release|Any CPU.Build.0 = Release|Any CPU
	EndGlobalSection
	GlobalSection(SolutionProperties) = preSolution
		HideSolutionNode = FALSE
	EndGlobalSection
	GlobalSection(ExtensibilityGlobals) = postSolution
		SolutionGuid = {640653E5-0659-48D3-8FDF-C4065A66D3C2}
	EndGlobalSection
EndGlobal
